schema: '2.0'
stages:
  data_collection:
    cmd: python src/data/data_collection.py
    deps:
    - path: src/data/data_collection.py
      hash: md5
      md5: c1451fe533aee6da750c4a6fbbfe0cca
      size: 1937
    params:
      params.yaml:
        data_collection.test_size: 0.8
    outs:
    - path: data/raw
      hash: md5
      md5: b24800b97000e4b6b5e2eb0733638b97.dir
      size: 208598
      nfiles: 2
  pre_preprocessing:
    cmd: python src/data/data_prep.py
    deps:
    - path: data/raw
      hash: md5
      md5: b24800b97000e4b6b5e2eb0733638b97.dir
      size: 208598
      nfiles: 2
    - path: src/data/data_prep.py
      hash: md5
      md5: 8cb0a7799da12c280d2de9fabe4e1460
      size: 1870
    outs:
    - path: data/processed
      hash: md5
      md5: 215d4bb667cb88c31b048ffa3e6b7b37.dir
      size: 218680
      nfiles: 2
  model_buliding:
    cmd: python src/model/model_building.py
    deps:
    - path: data/processed
      hash: md5
      md5: 215d4bb667cb88c31b048ffa3e6b7b37.dir
      size: 218680
      nfiles: 2
    - path: src/model/model_building.py
      hash: md5
      md5: 5927ce2ae6cbda4e924bde712b41cfef
      size: 2514
    params:
      params.yaml:
        model_building.n_estimators: 1000
    outs:
    - path: models/model2.pkl
      hash: md5
      md5: e4378f85c32e98eee67d2da07d40297b
      size: 19328013
  model_evaluation:
    cmd: python src/model/model_evaluation.py
    deps:
    - path: models/model2.pkl
      hash: md5
      md5: e4378f85c32e98eee67d2da07d40297b
      size: 19328013
    - path: src/model/model_evaluation.py
      hash: md5
      md5: f199f1810fc0f85fb0a005a3d77dff57
      size: 2572
    outs:
    - path: metrics.json
      hash: md5
      md5: 0cbe0c5ec949ea4e18ce0835c254e1e3
      size: 84
